
Microsoft Visual Studio Solution File, Format Version 12.00
# Visual Studio Version 17
VisualStudioVersion = 17.13.35913.81
MinimumVisualStudioVersion = 10.0.40219.1
Project("{8BC9CEB8-8B4A-11D0-8D11-00A0C91BC942}") = "SoftwareForPC", "SoftwareForPC\SoftwareForPC.vcxproj", "{D94E6E81-1AAE-4E63-B292-9ED7D27BDC94}"
EndProject
Project("{8BC9CEB8-8B4A-11D0-8D11-00A0C91BC942}") = "LiabraryForCaptureColorPixel", "LiabraryForCaptureColorPixel\LiabraryForCaptureColorPixel.vcxproj", "{3B5D030E-36B0-4872-8B62-DF3C033B75E2}"
EndProject
Project("{8BC9CEB8-8B4A-11D0-8D11-00A0C91BC942}") = "LiabraryForContactCOM", "LiabraryForContactCOM\LiabraryForContactCOM.vcxproj", "{5E919F7B-39AA-48E3-9C31-D5740E0BB254}"
EndProject
Global
	GlobalSection(SolutionConfigurationPlatforms) = preSolution
		Debug|x64 = Debug|x64
		Debug|x86 = Debug|x86
		Release|x64 = Release|x64
		Release|x86 = Release|x86
	EndGlobalSection
	GlobalSection(ProjectConfigurationPlatforms) = postSolution
		{D94E6E81-1AAE-4E63-B292-9ED7D27BDC94}.Debug|x64.ActiveCfg = Debug|x64
		{D94E6E81-1AAE-4E63-B292-9ED7D27BDC94}.Debug|x64.Build.0 = Debug|x64
		{D94E6E81-1AAE-4E63-B292-9ED7D27BDC94}.Debug|x86.ActiveCfg = Debug|Win32
		{D94E6E81-1AAE-4E63-B292-9ED7D27BDC94}.Debug|x86.Build.0 = Debug|Win32
		{D94E6E81-1AAE-4E63-B292-9ED7D27BDC94}.Release|x64.ActiveCfg = Release|x64
		{D94E6E81-1AAE-4E63-B292-9ED7D27BDC94}.Release|x64.Build.0 = Release|x64
		{D94E6E81-1AAE-4E63-B292-9ED7D27BDC94}.Release|x86.ActiveCfg = Release|Win32
		{D94E6E81-1AAE-4E63-B292-9ED7D27BDC94}.Release|x86.Build.0 = Release|Win32
		{3B5D030E-36B0-4872-8B62-DF3C033B75E2}.Debug|x64.ActiveCfg = Debug|x64
		{3B5D030E-36B0-4872-8B62-DF3C033B75E2}.Debug|x64.Build.0 = Debug|x64
		{3B5D030E-36B0-4872-8B62-DF3C033B75E2}.Debug|x86.ActiveCfg = Debug|Win32
		{3B5D030E-36B0-4872-8B62-DF3C033B75E2}.Debug|x86.Build.0 = Debug|Win32
		{3B5D030E-36B0-4872-8B62-DF3C033B75E2}.Release|x64.ActiveCfg = Release|x64
		{3B5D030E-36B0-4872-8B62-DF3C033B75E2}.Release|x64.Build.0 = Release|x64
		{3B5D030E-36B0-4872-8B62-DF3C033B75E2}.Release|x86.ActiveCfg = Release|Win32
		{3B5D030E-36B0-4872-8B62-DF3C033B75E2}.Release|x86.Build.0 = Release|Win32
		{5E919F7B-39AA-48E3-9C31-D5740E0BB254}.Debug|x64.ActiveCfg = Debug|x64
		{5E919F7B-39AA-48E3-9C31-D5740E0BB254}.Debug|x64.Build.0 = Debug|x64
		{5E919F7B-39AA-48E3-9C31-D5740E0BB254}.Debug|x86.ActiveCfg = Debug|Win32
		{5E919F7B-39AA-48E3-9C31-D5740E0BB254}.Debug|x86.Build.0 = Debug|Win32
		{5E919F7B-39AA-48E3-9C31-D5740E0BB254}.Release|x64.ActiveCfg = Release|x64
		{5E919F7B-39AA-48E3-9C31-D5740E0BB254}.Release|x64.Build.0 = Release|x64
		{5E919F7B-39AA-48E3-9C31-D5740E0BB254}.Release|x86.ActiveCfg = Release|Win32
		{5E919F7B-39AA-48E3-9C31-D5740E0BB254}.Release|x86.Build.0 = Release|Win32
	EndGlobalSection
	GlobalSection(SolutionProperties) = preSolution
		HideSolutionNode = FALSE
	EndGlobalSection
	GlobalSection(ExtensibilityGlobals) = postSolution
		SolutionGuid = {406FDA51-966F-45B9-9808-C33291DCB6DB}
	EndGlobalSection
EndGlobal
